
Microsoft Visual Studio Solution File, Format Version 12.00
# Visual Studio Version 17
VisualStudioVersion = 17.14.36811.4
MinimumVisualStudioVersion = 10.0.40219.1
Project("{FAE04EC0-301F-11D3-BF4B-00C04F79EFBC}") = "TheBigThree", "TheBigThree.csproj", "{B4F7D285-A91B-407C-973A-76DB6EF02144}"
EndProject
Project("{2150E333-8FDC-42A3-9474-1A3956D46DE8}") = "Web", "Web", "{02EA681E-C7D8-13C7-8484-4AC65E1B71E8}"
EndProject
Project("{2150E333-8FDC-42A3-9474-1A3956D46DE8}") = "Data", "Data", "{9B12A24F-535D-482F-8896-7D14AEE93AC7}"
EndProject
Project("{2150E333-8FDC-42A3-9474-1A3956D46DE8}") = "Services", "Services", "{C9AC23EE-C755-45C3-9372-46D49C90A583}"
EndProject
Project("{FAE04EC0-301F-11D3-BF4B-00C04F79EFBC}") = "TheBigThree.GCommon", "TheBigThree.GCommon\TheBigThree.GCommon.csproj", "{D2AC2F72-C7C5-FD54-CC98-5897BAB2E0BA}"
EndProject
Project("{FAE04EC0-301F-11D3-BF4B-00C04F79EFBC}") = "TheBigThree.Data", "TheBigThree.Data\TheBigThree.Data.csproj", "{90B86F0A-0D00-DBE1-2F8F-06B0EC7C1D05}"
EndProject
Project("{FAE04EC0-301F-11D3-BF4B-00C04F79EFBC}") = "TheBigThree.Data.Models", "TheBigThree.Data.Models\TheBigThree.Data.Models.csproj", "{B66A8A40-B9B4-623D-107A-0FCBACFECFFC}"
EndProject
Project("{FAE04EC0-301F-11D3-BF4B-00C04F79EFBC}") = "TheBigThree.Services.Core", "TheBigThree.Services.Core\TheBigThree.Services.Core.csproj", "{A4CC6532-B3DE-01A8-AFCD-4699AB89C694}"
EndProject
Project("{FAE04EC0-301F-11D3-BF4B-00C04F79EFBC}") = "TheBigThree.Web.ViewModels", "TheBigThree.Web.ViewModels\TheBigThree.Web.ViewModels.csproj", "{20816F8B-DE5B-63BD-9A10-52637D0A1B88}"
EndProject
Global
	GlobalSection(SolutionConfigurationPlatforms) = preSolution
		Debug|Any CPU = Debug|Any CPU
		Release|Any CPU = Release|Any CPU
	EndGlobalSection
	GlobalSection(ProjectConfigurationPlatforms) = postSolution
		{B4F7D285-A91B-407C-973A-76DB6EF02144}.Debug|Any CPU.ActiveCfg = Debug|Any CPU
		{B4F7D285-A91B-407C-973A-76DB6EF02144}.Debug|Any CPU.Build.0 = Debug|Any CPU
		{B4F7D285-A91B-407C-973A-76DB6EF02144}.Release|Any CPU.ActiveCfg = Release|Any CPU
		{B4F7D285-A91B-407C-973A-76DB6EF02144}.Release|Any CPU.Build.0 = Release|Any CPU
		{D2AC2F72-C7C5-FD54-CC98-5897BAB2E0BA}.Debug|Any CPU.ActiveCfg = Debug|Any CPU
		{D2AC2F72-C7C5-FD54-CC98-5897BAB2E0BA}.Debug|Any CPU.Build.0 = Debug|Any CPU
		{D2AC2F72-C7C5-FD54-CC98-5897BAB2E0BA}.Release|Any CPU.ActiveCfg = Release|Any CPU
		{D2AC2F72-C7C5-FD54-CC98-5897BAB2E0BA}.Release|Any CPU.Build.0 = Release|Any CPU
		{90B86F0A-0D00-DBE1-2F8F-06B0EC7C1D05}.Debug|Any CPU.ActiveCfg = Debug|Any CPU
		{90B86F0A-0D00-DBE1-2F8F-06B0EC7C1D05}.Debug|Any CPU.Build.0 = Debug|Any CPU
		{90B86F0A-0D00-DBE1-2F8F-06B0EC7C1D05}.Release|Any CPU.ActiveCfg = Release|Any CPU
		{90B86F0A-0D00-DBE1-2F8F-06B0EC7C1D05}.Release|Any CPU.Build.0 = Release|Any CPU
		{B66A8A40-B9B4-623D-107A-0FCBACFECFFC}.Debug|Any CPU.ActiveCfg = Debug|Any CPU
		{B66A8A40-B9B4-623D-107A-0FCBACFECFFC}.Debug|Any CPU.Build.0 = Debug|Any CPU
		{B66A8A40-B9B4-623D-107A-0FCBACFECFFC}.Release|Any CPU.ActiveCfg = Release|Any CPU
		{B66A8A40-B9B4-623D-107A-0FCBACFECFFC}.Release|Any CPU.Build.0 = Release|Any CPU
		{A4CC6532-B3DE-01A8-AFCD-4699AB89C694}.Debug|Any CPU.ActiveCfg = Debug|Any CPU
		{A4CC6532-B3DE-01A8-AFCD-4699AB89C694}.Debug|Any CPU.Build.0 = Debug|Any CPU
		{A4CC6532-B3DE-01A8-AFCD-4699AB89C694}.Release|Any CPU.ActiveCfg = Release|Any CPU
		{A4CC6532-B3DE-01A8-AFCD-4699AB89C694}.Release|Any CPU.Build.0 = Release|Any CPU
		{20816F8B-DE5B-63BD-9A10-52637D0A1B88}.Debug|Any CPU.ActiveCfg = Debug|Any CPU
		{20816F8B-DE5B-63BD-9A10-52637D0A1B88}.Debug|Any CPU.Build.0 = Debug|Any CPU
		{20816F8B-DE5B-63BD-9A10-52637D0A1B88}.Release|Any CPU.ActiveCfg = Release|Any CPU
		{20816F8B-DE5B-63BD-9A10-52637D0A1B88}.Release|Any CPU.Build.0 = Release|Any CPU
	EndGlobalSection
	GlobalSection(SolutionProperties) = preSolution
		HideSolutionNode = FALSE
	EndGlobalSection
	GlobalSection(NestedProjects) = preSolution
		{B4F7D285-A91B-407C-973A-76DB6EF02144} = {02EA681E-C7D8-13C7-8484-4AC65E1B71E8}
		{90B86F0A-0D00-DBE1-2F8F-06B0EC7C1D05} = {9B12A24F-535D-482F-8896-7D14AEE93AC7}
		{B66A8A40-B9B4-623D-107A-0FCBACFECFFC} = {9B12A24F-535D-482F-8896-7D14AEE93AC7}
		{A4CC6532-B3DE-01A8-AFCD-4699AB89C694} = {C9AC23EE-C755-45C3-9372-46D49C90A583}
		{20816F8B-DE5B-63BD-9A10-52637D0A1B88} = {02EA681E-C7D8-13C7-8484-4AC65E1B71E8}
	EndGlobalSection
	GlobalSection(ExtensibilityGlobals) = postSolution
		SolutionGuid = {8032C0FC-A537-4B0A-AFA0-929B95D44591}
	EndGlobalSection
EndGlobal
