
Microsoft Visual Studio Solution File, Format Version 12.00
# Visual Studio Version 17
VisualStudioVersion = 17.14.36811.4
MinimumVisualStudioVersion = 10.0.40219.1
Project("{FAE04EC0-301F-11D3-BF4B-00C04F79EFBC}") = "TheBigThree", "TheBigThree.csproj", "{B4F7D285-A91B-407C-973A-76DB6EF02144}"
EndProject
Project("{2150E333-8FDC-42A3-9474-1A3956D46DE8}") = "Web", "Web", "{02EA681E-C7D8-13C7-8484-4AC65E1B71E8}"
EndProject
Project("{FAE04EC0-301F-11D3-BF4B-00C04F79EFBC}") = "TheBigThree.Web.ViewModels", "..\TheBigThree.Web.ViewModels\TheBigThree.Web.ViewModels.csproj", "{7693C025-DE5A-496F-8AF7-764BC6A883CC}"
EndProject
Project("{FAE04EC0-301F-11D3-BF4B-00C04F79EFBC}") = "TheBigThree.GCommon", "..\TheBigThree.GCommon\TheBigThree.GCommon.csproj", "{42F7AAC3-37CD-410A-BF48-D993001C7B92}"
EndProject
Project("{2150E333-8FDC-42A3-9474-1A3956D46DE8}") = "Data", "Data", "{9B12A24F-535D-482F-8896-7D14AEE93AC7}"
EndProject
Project("{FAE04EC0-301F-11D3-BF4B-00C04F79EFBC}") = "TheBigThree.Data.Models", "..\TheBigThree.Data.Models\TheBigThree.Data.Models.csproj", "{3DDC2307-8C74-470D-AEEC-B44DACD11734}"
EndProject
Project("{FAE04EC0-301F-11D3-BF4B-00C04F79EFBC}") = "TheBigThree.Data", "..\TheBigThree.Data\TheBigThree.Data.csproj", "{253E0BBB-C22D-41F9-A3CE-F5B4068A7E79}"
EndProject
Project("{2150E333-8FDC-42A3-9474-1A3956D46DE8}") = "Services", "Services", "{C9AC23EE-C755-45C3-9372-46D49C90A583}"
EndProject
Project("{FAE04EC0-301F-11D3-BF4B-00C04F79EFBC}") = "TheBigThree.Services.Core", "..\TheBigThree.Services.Core\TheBigThree.Services.Core.csproj", "{050EF83B-540F-4E49-9D93-C77BCFA49348}"
EndProject
Global
	GlobalSection(SolutionConfigurationPlatforms) = preSolution
		Debug|Any CPU = Debug|Any CPU
		Release|Any CPU = Release|Any CPU
	EndGlobalSection
	GlobalSection(ProjectConfigurationPlatforms) = postSolution
		{B4F7D285-A91B-407C-973A-76DB6EF02144}.Debug|Any CPU.ActiveCfg = Debug|Any CPU
		{B4F7D285-A91B-407C-973A-76DB6EF02144}.Debug|Any CPU.Build.0 = Debug|Any CPU
		{B4F7D285-A91B-407C-973A-76DB6EF02144}.Release|Any CPU.ActiveCfg = Release|Any CPU
		{B4F7D285-A91B-407C-973A-76DB6EF02144}.Release|Any CPU.Build.0 = Release|Any CPU
		{7693C025-DE5A-496F-8AF7-764BC6A883CC}.Debug|Any CPU.ActiveCfg = Debug|Any CPU
		{7693C025-DE5A-496F-8AF7-764BC6A883CC}.Debug|Any CPU.Build.0 = Debug|Any CPU
		{7693C025-DE5A-496F-8AF7-764BC6A883CC}.Release|Any CPU.ActiveCfg = Release|Any CPU
		{7693C025-DE5A-496F-8AF7-764BC6A883CC}.Release|Any CPU.Build.0 = Release|Any CPU
		{42F7AAC3-37CD-410A-BF48-D993001C7B92}.Debug|Any CPU.ActiveCfg = Debug|Any CPU
		{42F7AAC3-37CD-410A-BF48-D993001C7B92}.Debug|Any CPU.Build.0 = Debug|Any CPU
		{42F7AAC3-37CD-410A-BF48-D993001C7B92}.Release|Any CPU.ActiveCfg = Release|Any CPU
		{42F7AAC3-37CD-410A-BF48-D993001C7B92}.Release|Any CPU.Build.0 = Release|Any CPU
		{3DDC2307-8C74-470D-AEEC-B44DACD11734}.Debug|Any CPU.ActiveCfg = Debug|Any CPU
		{3DDC2307-8C74-470D-AEEC-B44DACD11734}.Debug|Any CPU.Build.0 = Debug|Any CPU
		{3DDC2307-8C74-470D-AEEC-B44DACD11734}.Release|Any CPU.ActiveCfg = Release|Any CPU
		{3DDC2307-8C74-470D-AEEC-B44DACD11734}.Release|Any CPU.Build.0 = Release|Any CPU
		{253E0BBB-C22D-41F9-A3CE-F5B4068A7E79}.Debug|Any CPU.ActiveCfg = Debug|Any CPU
		{253E0BBB-C22D-41F9-A3CE-F5B4068A7E79}.Debug|Any CPU.Build.0 = Debug|Any CPU
		{253E0BBB-C22D-41F9-A3CE-F5B4068A7E79}.Release|Any CPU.ActiveCfg = Release|Any CPU
		{253E0BBB-C22D-41F9-A3CE-F5B4068A7E79}.Release|Any CPU.Build.0 = Release|Any CPU
		{050EF83B-540F-4E49-9D93-C77BCFA49348}.Debug|Any CPU.ActiveCfg = Debug|Any CPU
		{050EF83B-540F-4E49-9D93-C77BCFA49348}.Debug|Any CPU.Build.0 = Debug|Any CPU
		{050EF83B-540F-4E49-9D93-C77BCFA49348}.Release|Any CPU.ActiveCfg = Release|Any CPU
		{050EF83B-540F-4E49-9D93-C77BCFA49348}.Release|Any CPU.Build.0 = Release|Any CPU
	EndGlobalSection
	GlobalSection(SolutionProperties) = preSolution
		HideSolutionNode = FALSE
	EndGlobalSection
	GlobalSection(NestedProjects) = preSolution
		{B4F7D285-A91B-407C-973A-76DB6EF02144} = {02EA681E-C7D8-13C7-8484-4AC65E1B71E8}
		{7693C025-DE5A-496F-8AF7-764BC6A883CC} = {02EA681E-C7D8-13C7-8484-4AC65E1B71E8}
		{3DDC2307-8C74-470D-AEEC-B44DACD11734} = {9B12A24F-535D-482F-8896-7D14AEE93AC7}
		{253E0BBB-C22D-41F9-A3CE-F5B4068A7E79} = {9B12A24F-535D-482F-8896-7D14AEE93AC7}
		{050EF83B-540F-4E49-9D93-C77BCFA49348} = {C9AC23EE-C755-45C3-9372-46D49C90A583}
	EndGlobalSection
	GlobalSection(ExtensibilityGlobals) = postSolution
		SolutionGuid = {8032C0FC-A537-4B0A-AFA0-929B95D44591}
	EndGlobalSection
EndGlobal
